{
  "nodes": {
    "base64-src": {
      "flake": false,
      "locked": {
        "lastModified": 1468170709,
        "narHash": "sha256-dt6i1j0rqH7lA+2XXp9KTEhj2GvYueyGrHh9VXBEsbw=",
        "ref": "master",
        "rev": "7d5a89229a525452e37504976a73c35fbaf2fe4d",
        "revCount": 1,
        "type": "git",
        "url": "https://gist.github.com/f0fd86b6c73063283afe550bc5d77594.git"
      },
      "original": {
        "type": "git",
        "url": "https://gist.github.com/f0fd86b6c73063283afe550bc5d77594.git"
      }
    },
    "flake-utils": {
      "locked": {
        "lastModified": 1652776076,
        "narHash": "sha256-gzTw/v1vj4dOVbpBSJX4J0DwUR6LIyXo7/SuuTJp1kM=",
        "owner": "numtide",
        "repo": "flake-utils",
        "rev": "04c1b180862888302ddfb2e3ad9eaa63afc60cf8",
        "type": "github"
      },
      "original": {
        "owner": "numtide",
        "ref": "master",
        "repo": "flake-utils",
        "type": "github"
      }
    },
    "gourou-src": {
      "flake": false,
      "locked": {
        "lastModified": 1650729079,
        "narHash": "sha256-2ZnuO/fIjSzTK0srFzDAhGNh1hA4lZf3lK4VuFxWXmo=",
        "ref": "master",
        "rev": "7b6b1471fefb27e79e06e5d686cb8842c539cd0c",
        "revCount": 79,
        "type": "git",
        "url": "git://soutade.fr/libgourou.git"
      },
      "original": {
        "ref": "master",
        "type": "git",
        "url": "git://soutade.fr/libgourou.git"
      }
    },
    "nixpkgs": {
      "locked": {
        "lastModified": 1653581809,
        "narHash": "sha256-Uvka0V5MTGbeOfWte25+tfRL3moECDh1VwokWSZUdoY=",
        "owner": "NixOS",
        "repo": "nixpkgs",
        "rev": "83658b28fe638a170a19b8933aa008b30640fbd1",
        "type": "github"
      },
      "original": {
        "owner": "NixOS",
        "ref": "nixos-unstable",
        "repo": "nixpkgs",
        "type": "github"
      }
    },
    "pugixml-src": {
      "flake": false,
      "locked": {
        "lastModified": 1644379750,
        "narHash": "sha256-FLemG9T17n6l7vgb01OmO22BK59jv5uozVHeUnILEEQ=",
        "owner": "zeux",
        "repo": "pugixml",
        "rev": "314baf6605143f1e837209008f490e8559529e1c",
        "type": "github"
      },
      "original": {
        "owner": "zeux",
        "ref": "latest",
        "repo": "pugixml",
        "type": "github"
      }
    },
    "root": {
      "inputs": {
        "base64-src": "base64-src",
        "flake-utils": "flake-utils",
        "gourou-src": "gourou-src",
        "nixpkgs": "nixpkgs",
        "pugixml-src": "pugixml-src",
        "updfparser-src": "updfparser-src"
      }
    },
    "updfparser-src": {
      "flake": false,
      "locked": {
        "lastModified": 1647424063,
        "narHash": "sha256-9dvibKiUbbI4CrmuAaJzlpntT0XdLvdGeC2/WzjlA5U=",
        "ref": "master",
        "rev": "9d56c1d0b1ce81aae4c8db9d99a8b5d1f7967bcf",
        "revCount": 25,
        "type": "git",
        "url": "git://soutade.fr/updfparser.git"
      },
      "original": {
        "ref": "master",
        "type": "git",
        "url": "git://soutade.fr/updfparser.git"
      }
    }
  },
  "root": "root",
  "version": 7
}
