{
  "nodes": {
    "base64-src": {
      "flake": false,
      "locked": {
        "lastModified": 1468170709,
        "narHash": "sha256-dt6i1j0rqH7lA+2XXp9KTEhj2GvYueyGrHh9VXBEsbw=",
        "ref": "master",
        "rev": "7d5a89229a525452e37504976a73c35fbaf2fe4d",
        "revCount": 1,
        "type": "git",
        "url": "https://gist.github.com/f0fd86b6c73063283afe550bc5d77594.git"
      },
      "original": {
        "type": "git",
        "url": "https://gist.github.com/f0fd86b6c73063283afe550bc5d77594.git"
      }
    },
    "gourou-src": {
      "flake": false,
      "locked": {
        "lastModified": 1650729079,
        "narHash": "sha256-2ZnuO/fIjSzTK0srFzDAhGNh1hA4lZf3lK4VuFxWXmo=",
        "ref": "master",
        "rev": "7b6b1471fefb27e79e06e5d686cb8842c539cd0c",
        "revCount": 79,
        "type": "git",
        "url": "git://soutade.fr/libgourou.git"
      },
      "original": {
        "type": "git",
        "url": "git://soutade.fr/libgourou.git"
      }
    },
    "nixpkgs": {
      "locked": {
        "lastModified": 1653845079,
        "narHash": "sha256-7ghaQZ+7JXLI9FgNH8+RQHAt3/ubT92j8NtjZleP6t4=",
        "owner": "NixOS",
        "repo": "nixpkgs",
        "rev": "b62ada430501de88dfbb08cea4eb98ead3a5e3e7",
        "type": "github"
      },
      "original": {
        "id": "nixpkgs",
        "type": "indirect"
      }
    },
    "pugixml-src": {
      "flake": false,
      "locked": {
        "lastModified": 1644379750,
        "narHash": "sha256-FLemG9T17n6l7vgb01OmO22BK59jv5uozVHeUnILEEQ=",
        "owner": "zeux",
        "repo": "pugixml",
        "rev": "314baf6605143f1e837209008f490e8559529e1c",
        "type": "github"
      },
      "original": {
        "owner": "zeux",
        "ref": "latest",
        "repo": "pugixml",
        "type": "github"
      }
    },
    "root": {
      "inputs": {
        "base64-src": "base64-src",
        "gourou-src": "gourou-src",
        "nixpkgs": "nixpkgs",
        "pugixml-src": "pugixml-src",
        "updfparser-src": "updfparser-src",
        "utils": "utils"
      }
    },
    "updfparser-src": {
      "flake": false,
      "locked": {
        "lastModified": 1647424063,
        "narHash": "sha256-9dvibKiUbbI4CrmuAaJzlpntT0XdLvdGeC2/WzjlA5U=",
        "ref": "master",
        "rev": "9d56c1d0b1ce81aae4c8db9d99a8b5d1f7967bcf",
        "revCount": 25,
        "type": "git",
        "url": "git://soutade.fr/updfparser"
      },
      "original": {
        "type": "git",
        "url": "git://soutade.fr/updfparser"
      }
    },
    "utils": {
      "locked": {
        "lastModified": 1653893745,
        "narHash": "sha256-0jntwV3Z8//YwuOjzhV2sgJJPt+HY6KhU7VZUL0fKZQ=",
        "owner": "numtide",
        "repo": "flake-utils",
        "rev": "1ed9fb1935d260de5fe1c2f7ee0ebaae17ed2fa1",
        "type": "github"
      },
      "original": {
        "owner": "numtide",
        "repo": "flake-utils",
        "type": "github"
      }
    }
  },
  "root": "root",
  "version": 7
}
